
Microsoft Visual Studio Solution File, Format Version 12.00
# Visual Studio Version 17
VisualStudioVersion = 17.13.35919.96 d17.13
MinimumVisualStudioVersion = 10.0.40219.1
Project("{8BC9CEB8-8B4A-11D0-8D11-00A0C91BC942}") = "Task-01", "Task-01\Task-01.vcxproj", "{6764F03F-918F-4143-BF92-39CF182B6779}"
EndProject
Project("{8BC9CEB8-8B4A-11D0-8D11-00A0C91BC942}") = "Task-02", "Task-02\Task-02.vcxproj", "{AB14B203-C449-408B-B867-31A0ABA2774D}"
EndProject
Project("{8BC9CEB8-8B4A-11D0-8D11-00A0C91BC942}") = "Task-03", "Task-03\Task-03.vcxproj", "{309F1CBD-CAFC-490F-B4F9-1589FA2FB460}"
EndProject
Project("{8BC9CEB8-8B4A-11D0-8D11-00A0C91BC942}") = "Task-04", "Task-04\Task-04.vcxproj", "{3A00A6C6-B793-453A-913D-215CF8B863E2}"
EndProject
Project("{8BC9CEB8-8B4A-11D0-8D11-00A0C91BC942}") = "Task-05", "Task-05\Task-05.vcxproj", "{35CFC881-4AB9-4691-9082-D97E715DC4A2}"
EndProject
Project("{8BC9CEB8-8B4A-11D0-8D11-00A0C91BC942}") = "Task-06", "Task-06\Task-06.vcxproj", "{5B24066B-0F46-4139-8FD9-1101DDFB4C8D}"
EndProject
Project("{8BC9CEB8-8B4A-11D0-8D11-00A0C91BC942}") = "Task-07", "Task-07\Task-07.vcxproj", "{6533EE17-5497-49EE-8A1F-AB31BCB9BD82}"
EndProject
Project("{8BC9CEB8-8B4A-11D0-8D11-00A0C91BC942}") = "Task-08", "Task-08\Task-08.vcxproj", "{122ACAD3-E792-4AC2-8C22-05988F887B3C}"
EndProject
Project("{8BC9CEB8-8B4A-11D0-8D11-00A0C91BC942}") = "Task-09", "Task-09\Task-09.vcxproj", "{EA45F647-D720-468B-8DE9-575CB49B1E9E}"
EndProject
Project("{8BC9CEB8-8B4A-11D0-8D11-00A0C91BC942}") = "Task-10", "Task-10\Task-10.vcxproj", "{8FB88714-4CD5-4E34-820A-11B226024CE2}"
EndProject
Project("{8BC9CEB8-8B4A-11D0-8D11-00A0C91BC942}") = "Task-11", "Task-11\Task-11.vcxproj", "{80A6C7CD-FE7B-4778-8A5D-E29A03CB81C4}"
EndProject
Project("{8BC9CEB8-8B4A-11D0-8D11-00A0C91BC942}") = "Task-12", "Task-12\Task-12.vcxproj", "{167E8BA1-7322-498A-9F36-2F64C7D637B6}"
EndProject
Project("{8BC9CEB8-8B4A-11D0-8D11-00A0C91BC942}") = "Task-13", "Task-13\Task-13.vcxproj", "{6648D4CD-A9D9-4E46-9185-7626E0AE1AD4}"
EndProject
Project("{8BC9CEB8-8B4A-11D0-8D11-00A0C91BC942}") = "Task-14", "Task-14\Task-14.vcxproj", "{62ACC013-A48A-42ED-86F9-EA5FE21902C9}"
EndProject
Project("{8BC9CEB8-8B4A-11D0-8D11-00A0C91BC942}") = "Task-15", "Task-15\Task-15.vcxproj", "{7E668222-4067-4F57-B03D-BAB9BE2BF2E5}"
EndProject
Project("{8BC9CEB8-8B4A-11D0-8D11-00A0C91BC942}") = "Task-16", "Task-16\Task-16.vcxproj", "{E32532DD-F874-4209-88EE-C459695F3857}"
EndProject
Project("{8BC9CEB8-8B4A-11D0-8D11-00A0C91BC942}") = "Task-17", "Task-17\Task-17.vcxproj", "{02ED0D3F-B20D-4365-A8C7-2ACE63B3A8C0}"
EndProject
Project("{8BC9CEB8-8B4A-11D0-8D11-00A0C91BC942}") = "Task-18", "Task-18\Task-18.vcxproj", "{9375FE4A-2C0D-48E4-B6E3-6623D4086933}"
EndProject
Project("{8BC9CEB8-8B4A-11D0-8D11-00A0C91BC942}") = "Task-19", "Task-19\Task-19.vcxproj", "{13E867DC-30BD-4604-BFB8-2B48928859C2}"
EndProject
Project("{8BC9CEB8-8B4A-11D0-8D11-00A0C91BC942}") = "Task-20", "Task-20\Task-20.vcxproj", "{299CD78D-1BB4-4244-A514-FAC2254C4370}"
EndProject
Project("{8BC9CEB8-8B4A-11D0-8D11-00A0C91BC942}") = "Task-21", "Task-21\Task-21.vcxproj", "{F8AA6741-F102-4107-8D83-94494FFC71C2}"
EndProject
Project("{8BC9CEB8-8B4A-11D0-8D11-00A0C91BC942}") = "Task-22", "Task-22\Task-22.vcxproj", "{1FBE1A78-232A-4331-994D-3ECBC9192BB4}"
EndProject
Global
	GlobalSection(SolutionConfigurationPlatforms) = preSolution
		Debug|x64 = Debug|x64
		Debug|x86 = Debug|x86
		Release|x64 = Release|x64
		Release|x86 = Release|x86
	EndGlobalSection
	GlobalSection(ProjectConfigurationPlatforms) = postSolution
		{6764F03F-918F-4143-BF92-39CF182B6779}.Debug|x64.ActiveCfg = Debug|x64
		{6764F03F-918F-4143-BF92-39CF182B6779}.Debug|x64.Build.0 = Debug|x64
		{6764F03F-918F-4143-BF92-39CF182B6779}.Debug|x86.ActiveCfg = Debug|Win32
		{6764F03F-918F-4143-BF92-39CF182B6779}.Debug|x86.Build.0 = Debug|Win32
		{6764F03F-918F-4143-BF92-39CF182B6779}.Release|x64.ActiveCfg = Release|x64
		{6764F03F-918F-4143-BF92-39CF182B6779}.Release|x64.Build.0 = Release|x64
		{6764F03F-918F-4143-BF92-39CF182B6779}.Release|x86.ActiveCfg = Release|Win32
		{6764F03F-918F-4143-BF92-39CF182B6779}.Release|x86.Build.0 = Release|Win32
		{AB14B203-C449-408B-B867-31A0ABA2774D}.Debug|x64.ActiveCfg = Debug|x64
		{AB14B203-C449-408B-B867-31A0ABA2774D}.Debug|x64.Build.0 = Debug|x64
		{AB14B203-C449-408B-B867-31A0ABA2774D}.Debug|x86.ActiveCfg = Debug|Win32
		{AB14B203-C449-408B-B867-31A0ABA2774D}.Debug|x86.Build.0 = Debug|Win32
		{AB14B203-C449-408B-B867-31A0ABA2774D}.Release|x64.ActiveCfg = Release|x64
		{AB14B203-C449-408B-B867-31A0ABA2774D}.Release|x64.Build.0 = Release|x64
		{AB14B203-C449-408B-B867-31A0ABA2774D}.Release|x86.ActiveCfg = Release|Win32
		{AB14B203-C449-408B-B867-31A0ABA2774D}.Release|x86.Build.0 = Release|Win32
		{309F1CBD-CAFC-490F-B4F9-1589FA2FB460}.Debug|x64.ActiveCfg = Debug|x64
		{309F1CBD-CAFC-490F-B4F9-1589FA2FB460}.Debug|x64.Build.0 = Debug|x64
		{309F1CBD-CAFC-490F-B4F9-1589FA2FB460}.Debug|x86.ActiveCfg = Debug|Win32
		{309F1CBD-CAFC-490F-B4F9-1589FA2FB460}.Debug|x86.Build.0 = Debug|Win32
		{309F1CBD-CAFC-490F-B4F9-1589FA2FB460}.Release|x64.ActiveCfg = Release|x64
		{309F1CBD-CAFC-490F-B4F9-1589FA2FB460}.Release|x64.Build.0 = Release|x64
		{309F1CBD-CAFC-490F-B4F9-1589FA2FB460}.Release|x86.ActiveCfg = Release|Win32
		{309F1CBD-CAFC-490F-B4F9-1589FA2FB460}.Release|x86.Build.0 = Release|Win32
		{3A00A6C6-B793-453A-913D-215CF8B863E2}.Debug|x64.ActiveCfg = Debug|x64
		{3A00A6C6-B793-453A-913D-215CF8B863E2}.Debug|x64.Build.0 = Debug|x64
		{3A00A6C6-B793-453A-913D-215CF8B863E2}.Debug|x86.ActiveCfg = Debug|Win32
		{3A00A6C6-B793-453A-913D-215CF8B863E2}.Debug|x86.Build.0 = Debug|Win32
		{3A00A6C6-B793-453A-913D-215CF8B863E2}.Release|x64.ActiveCfg = Release|x64
		{3A00A6C6-B793-453A-913D-215CF8B863E2}.Release|x64.Build.0 = Release|x64
		{3A00A6C6-B793-453A-913D-215CF8B863E2}.Release|x86.ActiveCfg = Release|Win32
		{3A00A6C6-B793-453A-913D-215CF8B863E2}.Release|x86.Build.0 = Release|Win32
		{35CFC881-4AB9-4691-9082-D97E715DC4A2}.Debug|x64.ActiveCfg = Debug|x64
		{35CFC881-4AB9-4691-9082-D97E715DC4A2}.Debug|x64.Build.0 = Debug|x64
		{35CFC881-4AB9-4691-9082-D97E715DC4A2}.Debug|x86.ActiveCfg = Debug|Win32
		{35CFC881-4AB9-4691-9082-D97E715DC4A2}.Debug|x86.Build.0 = Debug|Win32
		{35CFC881-4AB9-4691-9082-D97E715DC4A2}.Release|x64.ActiveCfg = Release|x64
		{35CFC881-4AB9-4691-9082-D97E715DC4A2}.Release|x64.Build.0 = Release|x64
		{35CFC881-4AB9-4691-9082-D97E715DC4A2}.Release|x86.ActiveCfg = Release|Win32
		{35CFC881-4AB9-4691-9082-D97E715DC4A2}.Release|x86.Build.0 = Release|Win32
		{5B24066B-0F46-4139-8FD9-1101DDFB4C8D}.Debug|x64.ActiveCfg = Debug|x64
		{5B24066B-0F46-4139-8FD9-1101DDFB4C8D}.Debug|x64.Build.0 = Debug|x64
		{5B24066B-0F46-4139-8FD9-1101DDFB4C8D}.Debug|x86.ActiveCfg = Debug|Win32
		{5B24066B-0F46-4139-8FD9-1101DDFB4C8D}.Debug|x86.Build.0 = Debug|Win32
		{5B24066B-0F46-4139-8FD9-1101DDFB4C8D}.Release|x64.ActiveCfg = Release|x64
		{5B24066B-0F46-4139-8FD9-1101DDFB4C8D}.Release|x64.Build.0 = Release|x64
		{5B24066B-0F46-4139-8FD9-1101DDFB4C8D}.Release|x86.ActiveCfg = Release|Win32
		{5B24066B-0F46-4139-8FD9-1101DDFB4C8D}.Release|x86.Build.0 = Release|Win32
		{6533EE17-5497-49EE-8A1F-AB31BCB9BD82}.Debug|x64.ActiveCfg = Debug|x64
		{6533EE17-5497-49EE-8A1F-AB31BCB9BD82}.Debug|x64.Build.0 = Debug|x64
		{6533EE17-5497-49EE-8A1F-AB31BCB9BD82}.Debug|x86.ActiveCfg = Debug|Win32
		{6533EE17-5497-49EE-8A1F-AB31BCB9BD82}.Debug|x86.Build.0 = Debug|Win32
		{6533EE17-5497-49EE-8A1F-AB31BCB9BD82}.Release|x64.ActiveCfg = Release|x64
		{6533EE17-5497-49EE-8A1F-AB31BCB9BD82}.Release|x64.Build.0 = Release|x64
		{6533EE17-5497-49EE-8A1F-AB31BCB9BD82}.Release|x86.ActiveCfg = Release|Win32
		{6533EE17-5497-49EE-8A1F-AB31BCB9BD82}.Release|x86.Build.0 = Release|Win32
		{122ACAD3-E792-4AC2-8C22-05988F887B3C}.Debug|x64.ActiveCfg = Debug|x64
		{122ACAD3-E792-4AC2-8C22-05988F887B3C}.Debug|x64.Build.0 = Debug|x64
		{122ACAD3-E792-4AC2-8C22-05988F887B3C}.Debug|x86.ActiveCfg = Debug|Win32
		{122ACAD3-E792-4AC2-8C22-05988F887B3C}.Debug|x86.Build.0 = Debug|Win32
		{122ACAD3-E792-4AC2-8C22-05988F887B3C}.Release|x64.ActiveCfg = Release|x64
		{122ACAD3-E792-4AC2-8C22-05988F887B3C}.Release|x64.Build.0 = Release|x64
		{122ACAD3-E792-4AC2-8C22-05988F887B3C}.Release|x86.ActiveCfg = Release|Win32
		{122ACAD3-E792-4AC2-8C22-05988F887B3C}.Release|x86.Build.0 = Release|Win32
		{EA45F647-D720-468B-8DE9-575CB49B1E9E}.Debug|x64.ActiveCfg = Debug|x64
		{EA45F647-D720-468B-8DE9-575CB49B1E9E}.Debug|x64.Build.0 = Debug|x64
		{EA45F647-D720-468B-8DE9-575CB49B1E9E}.Debug|x86.ActiveCfg = Debug|Win32
		{EA45F647-D720-468B-8DE9-575CB49B1E9E}.Debug|x86.Build.0 = Debug|Win32
		{EA45F647-D720-468B-8DE9-575CB49B1E9E}.Release|x64.ActiveCfg = Release|x64
		{EA45F647-D720-468B-8DE9-575CB49B1E9E}.Release|x64.Build.0 = Release|x64
		{EA45F647-D720-468B-8DE9-575CB49B1E9E}.Release|x86.ActiveCfg = Release|Win32
		{EA45F647-D720-468B-8DE9-575CB49B1E9E}.Release|x86.Build.0 = Release|Win32
		{8FB88714-4CD5-4E34-820A-11B226024CE2}.Debug|x64.ActiveCfg = Debug|x64
		{8FB88714-4CD5-4E34-820A-11B226024CE2}.Debug|x64.Build.0 = Debug|x64
		{8FB88714-4CD5-4E34-820A-11B226024CE2}.Debug|x86.ActiveCfg = Debug|Win32
		{8FB88714-4CD5-4E34-820A-11B226024CE2}.Debug|x86.Build.0 = Debug|Win32
		{8FB88714-4CD5-4E34-820A-11B226024CE2}.Release|x64.ActiveCfg = Release|x64
		{8FB88714-4CD5-4E34-820A-11B226024CE2}.Release|x64.Build.0 = Release|x64
		{8FB88714-4CD5-4E34-820A-11B226024CE2}.Release|x86.ActiveCfg = Release|Win32
		{8FB88714-4CD5-4E34-820A-11B226024CE2}.Release|x86.Build.0 = Release|Win32
		{80A6C7CD-FE7B-4778-8A5D-E29A03CB81C4}.Debug|x64.ActiveCfg = Debug|x64
		{80A6C7CD-FE7B-4778-8A5D-E29A03CB81C4}.Debug|x64.Build.0 = Debug|x64
		{80A6C7CD-FE7B-4778-8A5D-E29A03CB81C4}.Debug|x86.ActiveCfg = Debug|Win32
		{80A6C7CD-FE7B-4778-8A5D-E29A03CB81C4}.Debug|x86.Build.0 = Debug|Win32
		{80A6C7CD-FE7B-4778-8A5D-E29A03CB81C4}.Release|x64.ActiveCfg = Release|x64
		{80A6C7CD-FE7B-4778-8A5D-E29A03CB81C4}.Release|x64.Build.0 = Release|x64
		{80A6C7CD-FE7B-4778-8A5D-E29A03CB81C4}.Release|x86.ActiveCfg = Release|Win32
		{80A6C7CD-FE7B-4778-8A5D-E29A03CB81C4}.Release|x86.Build.0 = Release|Win32
		{167E8BA1-7322-498A-9F36-2F64C7D637B6}.Debug|x64.ActiveCfg = Debug|x64
		{167E8BA1-7322-498A-9F36-2F64C7D637B6}.Debug|x64.Build.0 = Debug|x64
		{167E8BA1-7322-498A-9F36-2F64C7D637B6}.Debug|x86.ActiveCfg = Debug|Win32
		{167E8BA1-7322-498A-9F36-2F64C7D637B6}.Debug|x86.Build.0 = Debug|Win32
		{167E8BA1-7322-498A-9F36-2F64C7D637B6}.Release|x64.ActiveCfg = Release|x64
		{167E8BA1-7322-498A-9F36-2F64C7D637B6}.Release|x64.Build.0 = Release|x64
		{167E8BA1-7322-498A-9F36-2F64C7D637B6}.Release|x86.ActiveCfg = Release|Win32
		{167E8BA1-7322-498A-9F36-2F64C7D637B6}.Release|x86.Build.0 = Release|Win32
		{6648D4CD-A9D9-4E46-9185-7626E0AE1AD4}.Debug|x64.ActiveCfg = Debug|x64
		{6648D4CD-A9D9-4E46-9185-7626E0AE1AD4}.Debug|x64.Build.0 = Debug|x64
		{6648D4CD-A9D9-4E46-9185-7626E0AE1AD4}.Debug|x86.ActiveCfg = Debug|Win32
		{6648D4CD-A9D9-4E46-9185-7626E0AE1AD4}.Debug|x86.Build.0 = Debug|Win32
		{6648D4CD-A9D9-4E46-9185-7626E0AE1AD4}.Release|x64.ActiveCfg = Release|x64
		{6648D4CD-A9D9-4E46-9185-7626E0AE1AD4}.Release|x64.Build.0 = Release|x64
		{6648D4CD-A9D9-4E46-9185-7626E0AE1AD4}.Release|x86.ActiveCfg = Release|Win32
		{6648D4CD-A9D9-4E46-9185-7626E0AE1AD4}.Release|x86.Build.0 = Release|Win32
		{62ACC013-A48A-42ED-86F9-EA5FE21902C9}.Debug|x64.ActiveCfg = Debug|x64
		{62ACC013-A48A-42ED-86F9-EA5FE21902C9}.Debug|x64.Build.0 = Debug|x64
		{62ACC013-A48A-42ED-86F9-EA5FE21902C9}.Debug|x86.ActiveCfg = Debug|Win32
		{62ACC013-A48A-42ED-86F9-EA5FE21902C9}.Debug|x86.Build.0 = Debug|Win32
		{62ACC013-A48A-42ED-86F9-EA5FE21902C9}.Release|x64.ActiveCfg = Release|x64
		{62ACC013-A48A-42ED-86F9-EA5FE21902C9}.Release|x64.Build.0 = Release|x64
		{62ACC013-A48A-42ED-86F9-EA5FE21902C9}.Release|x86.ActiveCfg = Release|Win32
		{62ACC013-A48A-42ED-86F9-EA5FE21902C9}.Release|x86.Build.0 = Release|Win32
		{7E668222-4067-4F57-B03D-BAB9BE2BF2E5}.Debug|x64.ActiveCfg = Debug|x64
		{7E668222-4067-4F57-B03D-BAB9BE2BF2E5}.Debug|x64.Build.0 = Debug|x64
		{7E668222-4067-4F57-B03D-BAB9BE2BF2E5}.Debug|x86.ActiveCfg = Debug|Win32
		{7E668222-4067-4F57-B03D-BAB9BE2BF2E5}.Debug|x86.Build.0 = Debug|Win32
		{7E668222-4067-4F57-B03D-BAB9BE2BF2E5}.Release|x64.ActiveCfg = Release|x64
		{7E668222-4067-4F57-B03D-BAB9BE2BF2E5}.Release|x64.Build.0 = Release|x64
		{7E668222-4067-4F57-B03D-BAB9BE2BF2E5}.Release|x86.ActiveCfg = Release|Win32
		{7E668222-4067-4F57-B03D-BAB9BE2BF2E5}.Release|x86.Build.0 = Release|Win32
		{E32532DD-F874-4209-88EE-C459695F3857}.Debug|x64.ActiveCfg = Debug|x64
		{E32532DD-F874-4209-88EE-C459695F3857}.Debug|x64.Build.0 = Debug|x64
		{E32532DD-F874-4209-88EE-C459695F3857}.Debug|x86.ActiveCfg = Debug|Win32
		{E32532DD-F874-4209-88EE-C459695F3857}.Debug|x86.Build.0 = Debug|Win32
		{E32532DD-F874-4209-88EE-C459695F3857}.Release|x64.ActiveCfg = Release|x64
		{E32532DD-F874-4209-88EE-C459695F3857}.Release|x64.Build.0 = Release|x64
		{E32532DD-F874-4209-88EE-C459695F3857}.Release|x86.ActiveCfg = Release|Win32
		{E32532DD-F874-4209-88EE-C459695F3857}.Release|x86.Build.0 = Release|Win32
		{02ED0D3F-B20D-4365-A8C7-2ACE63B3A8C0}.Debug|x64.ActiveCfg = Debug|x64
		{02ED0D3F-B20D-4365-A8C7-2ACE63B3A8C0}.Debug|x64.Build.0 = Debug|x64
		{02ED0D3F-B20D-4365-A8C7-2ACE63B3A8C0}.Debug|x86.ActiveCfg = Debug|Win32
		{02ED0D3F-B20D-4365-A8C7-2ACE63B3A8C0}.Debug|x86.Build.0 = Debug|Win32
		{02ED0D3F-B20D-4365-A8C7-2ACE63B3A8C0}.Release|x64.ActiveCfg = Release|x64
		{02ED0D3F-B20D-4365-A8C7-2ACE63B3A8C0}.Release|x64.Build.0 = Release|x64
		{02ED0D3F-B20D-4365-A8C7-2ACE63B3A8C0}.Release|x86.ActiveCfg = Release|Win32
		{02ED0D3F-B20D-4365-A8C7-2ACE63B3A8C0}.Release|x86.Build.0 = Release|Win32
		{9375FE4A-2C0D-48E4-B6E3-6623D4086933}.Debug|x64.ActiveCfg = Debug|x64
		{9375FE4A-2C0D-48E4-B6E3-6623D4086933}.Debug|x64.Build.0 = Debug|x64
		{9375FE4A-2C0D-48E4-B6E3-6623D4086933}.Debug|x86.ActiveCfg = Debug|Win32
		{9375FE4A-2C0D-48E4-B6E3-6623D4086933}.Debug|x86.Build.0 = Debug|Win32
		{9375FE4A-2C0D-48E4-B6E3-6623D4086933}.Release|x64.ActiveCfg = Release|x64
		{9375FE4A-2C0D-48E4-B6E3-6623D4086933}.Release|x64.Build.0 = Release|x64
		{9375FE4A-2C0D-48E4-B6E3-6623D4086933}.Release|x86.ActiveCfg = Release|Win32
		{9375FE4A-2C0D-48E4-B6E3-6623D4086933}.Release|x86.Build.0 = Release|Win32
		{13E867DC-30BD-4604-BFB8-2B48928859C2}.Debug|x64.ActiveCfg = Debug|x64
		{13E867DC-30BD-4604-BFB8-2B48928859C2}.Debug|x64.Build.0 = Debug|x64
		{13E867DC-30BD-4604-BFB8-2B48928859C2}.Debug|x86.ActiveCfg = Debug|Win32
		{13E867DC-30BD-4604-BFB8-2B48928859C2}.Debug|x86.Build.0 = Debug|Win32
		{13E867DC-30BD-4604-BFB8-2B48928859C2}.Release|x64.ActiveCfg = Release|x64
		{13E867DC-30BD-4604-BFB8-2B48928859C2}.Release|x64.Build.0 = Release|x64
		{13E867DC-30BD-4604-BFB8-2B48928859C2}.Release|x86.ActiveCfg = Release|Win32
		{13E867DC-30BD-4604-BFB8-2B48928859C2}.Release|x86.Build.0 = Release|Win32
		{299CD78D-1BB4-4244-A514-FAC2254C4370}.Debug|x64.ActiveCfg = Debug|x64
		{299CD78D-1BB4-4244-A514-FAC2254C4370}.Debug|x64.Build.0 = Debug|x64
		{299CD78D-1BB4-4244-A514-FAC2254C4370}.Debug|x86.ActiveCfg = Debug|Win32
		{299CD78D-1BB4-4244-A514-FAC2254C4370}.Debug|x86.Build.0 = Debug|Win32
		{299CD78D-1BB4-4244-A514-FAC2254C4370}.Release|x64.ActiveCfg = Release|x64
		{299CD78D-1BB4-4244-A514-FAC2254C4370}.Release|x64.Build.0 = Release|x64
		{299CD78D-1BB4-4244-A514-FAC2254C4370}.Release|x86.ActiveCfg = Release|Win32
		{299CD78D-1BB4-4244-A514-FAC2254C4370}.Release|x86.Build.0 = Release|Win32
		{F8AA6741-F102-4107-8D83-94494FFC71C2}.Debug|x64.ActiveCfg = Debug|x64
		{F8AA6741-F102-4107-8D83-94494FFC71C2}.Debug|x64.Build.0 = Debug|x64
		{F8AA6741-F102-4107-8D83-94494FFC71C2}.Debug|x86.ActiveCfg = Debug|Win32
		{F8AA6741-F102-4107-8D83-94494FFC71C2}.Debug|x86.Build.0 = Debug|Win32
		{F8AA6741-F102-4107-8D83-94494FFC71C2}.Release|x64.ActiveCfg = Release|x64
		{F8AA6741-F102-4107-8D83-94494FFC71C2}.Release|x64.Build.0 = Release|x64
		{F8AA6741-F102-4107-8D83-94494FFC71C2}.Release|x86.ActiveCfg = Release|Win32
		{F8AA6741-F102-4107-8D83-94494FFC71C2}.Release|x86.Build.0 = Release|Win32
		{1FBE1A78-232A-4331-994D-3ECBC9192BB4}.Debug|x64.ActiveCfg = Debug|x64
		{1FBE1A78-232A-4331-994D-3ECBC9192BB4}.Debug|x64.Build.0 = Debug|x64
		{1FBE1A78-232A-4331-994D-3ECBC9192BB4}.Debug|x86.ActiveCfg = Debug|Win32
		{1FBE1A78-232A-4331-994D-3ECBC9192BB4}.Debug|x86.Build.0 = Debug|Win32
		{1FBE1A78-232A-4331-994D-3ECBC9192BB4}.Release|x64.ActiveCfg = Release|x64
		{1FBE1A78-232A-4331-994D-3ECBC9192BB4}.Release|x64.Build.0 = Release|x64
		{1FBE1A78-232A-4331-994D-3ECBC9192BB4}.Release|x86.ActiveCfg = Release|Win32
		{1FBE1A78-232A-4331-994D-3ECBC9192BB4}.Release|x86.Build.0 = Release|Win32
	EndGlobalSection
	GlobalSection(SolutionProperties) = preSolution
		HideSolutionNode = FALSE
	EndGlobalSection
	GlobalSection(ExtensibilityGlobals) = postSolution
		SolutionGuid = {1E399B87-20BF-4671-86AA-AE37B72BA35B}
	EndGlobalSection
EndGlobal
